
Microsoft Visual Studio Solution File, Format Version 12.00
# Visual Studio 15
VisualStudioVersion = 15.0.26124.0
MinimumVisualStudioVersion = 15.0.26124.0
Project("{9A19103F-16F7-4668-BE54-9A1E7A4F7556}") = "R5T.Teutonia.Default.Construction", "R5T.Teutonia.Default.Construction\R5T.Teutonia.Default.Construction.csproj", "{AD9D88FB-6A2A-4163-9462-8D90CE243CFF}"
EndProject
Project("{9A19103F-16F7-4668-BE54-9A1E7A4F7556}") = "R5T.Teutonia.Default", "R5T.Teutonia.Default\R5T.Teutonia.Default.csproj", "{AB5331FF-1228-4B80-8D4E-FECC5D7D80E1}"
EndProject
Project("{9A19103F-16F7-4668-BE54-9A1E7A4F7556}") = "R5T.Teutonia.Default.Testing", "R5T.Teutonia.Default.Testing\R5T.Teutonia.Default.Testing.csproj", "{E21DEE4B-FDBC-4BA7-987F-F363EA0453FB}"
EndProject
Project("{2150E333-8FDC-42A3-9474-1A3956D46DE8}") = "_Dependencies", "_Dependencies", "{9A89A450-F17B-4CA5-A216-FFA77B0B7658}"
EndProject
Project("{9A19103F-16F7-4668-BE54-9A1E7A4F7556}") = "R5T.Teutonia.Base", "..\..\R5T.Teutonia.Base\source\R5T.Teutonia.Base\R5T.Teutonia.Base.csproj", "{1B29C32F-71C0-4BCE-A7DD-18BCD907ADE3}"
EndProject
Project("{9A19103F-16F7-4668-BE54-9A1E7A4F7556}") = "R5T.Gepidia.Base", "..\..\R5T.Gepidia.Base\source\R5T.Gepidia.Base\R5T.Gepidia.Base.csproj", "{81F721C7-919E-46DA-81BB-E182AC679F4F}"
EndProject
Project("{9A19103F-16F7-4668-BE54-9A1E7A4F7556}") = "R5T.Lombardy.Base", "..\..\R5T.Lombardy.Base\source\R5T.Lombardy.Base\R5T.Lombardy.Base.csproj", "{91A0452C-7E65-4418-8F85-01B65086D3CE}"
EndProject
Project("{9A19103F-16F7-4668-BE54-9A1E7A4F7556}") = "R5T.Teutonia.Test", "..\..\R5T.Teutonia.Test\source\R5T.Teutonia.Test\R5T.Teutonia.Test.csproj", "{4DA4AC71-15BE-432D-A18E-DE71E9D39C5C}"
EndProject
Project("{9A19103F-16F7-4668-BE54-9A1E7A4F7556}") = "R5T.Salamis", "..\..\R5T.Salamis\source\R5T.Salamis\R5T.Salamis.csproj", "{F29DEBB0-FE08-4F89-AB11-3CC326FFB651}"
EndProject
Project("{9A19103F-16F7-4668-BE54-9A1E7A4F7556}") = "R5T.Dacia", "..\..\R5T.Dacia\source\R5T.Dacia\R5T.Dacia.csproj", "{B6807108-9D07-4764-910C-64F35D2C8DBD}"
EndProject
Project("{9A19103F-16F7-4668-BE54-9A1E7A4F7556}") = "R5T.Gepidia.Local", "..\..\R5T.Gepidia.Local\source\R5T.Gepidia.Local\R5T.Gepidia.Local.csproj", "{880FDD59-13AE-4FDA-AFEA-1BCED83B530E}"
EndProject
Project("{9A19103F-16F7-4668-BE54-9A1E7A4F7556}") = "R5T.Lombardy.Gepidia", "..\..\R5T.Lombardy.Gepidia\source\R5T.Lombardy.Gepidia\R5T.Lombardy.Gepidia.csproj", "{E2389C58-59FA-43FD-AD00-DB4C1D07E26D}"
EndProject
Project("{9A19103F-16F7-4668-BE54-9A1E7A4F7556}") = "R5T.Magyar", "..\..\R5T.Magyar\source\R5T.Magyar\R5T.Magyar.csproj", "{26D775AA-8724-4705-B6D3-23F880AB5233}"
EndProject
Project("{9A19103F-16F7-4668-BE54-9A1E7A4F7556}") = "R5T.Lombardy", "..\..\R5T.Lombardy\source\R5T.Lombardy\R5T.Lombardy.csproj", "{1DED6781-DE5B-402A-B6A7-E9B33C208D20}"
EndProject
Project("{9A19103F-16F7-4668-BE54-9A1E7A4F7556}") = "R5T.Cherusci", "..\..\R5T.Cherusci\source\R5T.Cherusci\R5T.Cherusci.csproj", "{B3C4C480-4E24-4964-8549-15E01FE66306}"
EndProject
Project("{9A19103F-16F7-4668-BE54-9A1E7A4F7556}") = "R5T.Rugia", "..\..\R5T.Rugia\source\R5T.Rugia\R5T.Rugia.csproj", "{AEF61AA6-E592-4608-9FC5-28FB1CC25CA0}"
EndProject
Project("{9A19103F-16F7-4668-BE54-9A1E7A4F7556}") = "R5T.Rugia.Base", "..\..\R5T.Rugia.Base\source\R5T.Rugia.Base\R5T.Rugia.Base.csproj", "{19A904CC-2C62-4C2A-AEE1-D54C1648C61F}"
EndProject
Project("{9A19103F-16F7-4668-BE54-9A1E7A4F7556}") = "R5T.Burgundy", "..\..\R5T.Burgundy\source\R5T.Burgundy\R5T.Burgundy.csproj", "{FC383ABB-FD8E-4076-8235-D00F1C986BBA}"
EndProject
Project("{9A19103F-16F7-4668-BE54-9A1E7A4F7556}") = "R5T.Alamania.Bulgaria", "..\..\R5T.Alamania.Bulgaria\source\R5T.Alamania.Bulgaria\R5T.Alamania.Bulgaria.csproj", "{7773F146-072B-46C4-A303-3983DDCC7CF0}"
EndProject
Project("{9A19103F-16F7-4668-BE54-9A1E7A4F7556}") = "R5T.Alamania.Base", "..\..\R5T.Alamania.Base\source\R5T.Alamania.Base\R5T.Alamania.Base.csproj", "{A1B24F48-3033-47B5-AE22-8DD2853EDA5F}"
EndProject
Project("{9A19103F-16F7-4668-BE54-9A1E7A4F7556}") = "R5T.Bulgaria.Base", "..\..\R5T.Bulgaria.Base\source\R5T.Bulgaria.Base\R5T.Bulgaria.Base.csproj", "{5CE90106-4D73-40AC-98B0-09658E824CEB}"
EndProject
Project("{9A19103F-16F7-4668-BE54-9A1E7A4F7556}") = "R5T.Costobocia.Base", "..\..\R5T.Costobocia.Base\source\R5T.Costobocia.Base\R5T.Costobocia.Base.csproj", "{0DF6B666-4656-423F-9535-EEFB56DDD3AE}"
EndProject
Project("{9A19103F-16F7-4668-BE54-9A1E7A4F7556}") = "R5T.Ostrogothia", "..\..\R5T.Ostrogothia\source\R5T.Ostrogothia\R5T.Ostrogothia.csproj", "{88CBEBCB-ABC1-410E-BF31-8B207FF042FA}"
EndProject
Project("{9A19103F-16F7-4668-BE54-9A1E7A4F7556}") = "R5T.Ostrogothia.Rivet", "..\..\R5T.Ostrogothia.Rivet\source\R5T.Ostrogothia.Rivet\R5T.Ostrogothia.Rivet.csproj", "{C1B272EF-8D9A-4BF3-9ABD-C53915D20CDD}"
EndProject
Project("{9A19103F-16F7-4668-BE54-9A1E7A4F7556}") = "R5T.Bulgaria.Default.Local", "..\..\R5T.Bulgaria.Default.Local\source\R5T.Bulgaria.Default.Local\R5T.Bulgaria.Default.Local.csproj", "{C44641ED-E1BA-4089-B1EF-515AFC1E1C19}"
EndProject
Project("{9A19103F-16F7-4668-BE54-9A1E7A4F7556}") = "R5T.Visigothia.Base", "..\..\R5T.Visigothia.Base\source\R5T.Visigothia.Base\R5T.Visigothia.Base.csproj", "{C5DB1F6E-02DE-40B0-B485-6073F5F11612}"
EndProject
Project("{9A19103F-16F7-4668-BE54-9A1E7A4F7556}") = "R5T.Costobocia.Default", "..\..\R5T.Costobocia.Default\source\R5T.Costobocia.Default\R5T.Costobocia.Default.csproj", "{C12534BB-17BA-4F04-B598-7C54F34AB36F}"
EndProject
Project("{9A19103F-16F7-4668-BE54-9A1E7A4F7556}") = "R5T.Frisia.Suebia", "..\..\R5T.Frisia.Suebia\source\R5T.Frisia.Suebia\R5T.Frisia.Suebia.csproj", "{C12C49E0-32C2-4381-890D-8DC5737BDBED}"
EndProject
Project("{9A19103F-16F7-4668-BE54-9A1E7A4F7556}") = "R5T.Frisia.Base", "..\..\R5T.Frisia.Base\source\R5T.Frisia.Base\R5T.Frisia.Base.csproj", "{7BF28325-594C-4BDF-9A50-7F8B2EC657CC}"
EndProject
Project("{9A19103F-16F7-4668-BE54-9A1E7A4F7556}") = "R5T.Jutland.Base", "..\..\R5T.Jutland.Base\source\R5T.Jutland.Base\R5T.Jutland.Base.csproj", "{CBB912A3-AA36-4DFA-BA58-21449E9F96B8}"
EndProject
Project("{9A19103F-16F7-4668-BE54-9A1E7A4F7556}") = "R5T.Suebia.Base", "..\..\R5T.Suebia.Base\source\R5T.Suebia.Base\R5T.Suebia.Base.csproj", "{B97A81BA-723C-4C14-B815-0D5A4C5C16A1}"
EndProject
Project("{9A19103F-16F7-4668-BE54-9A1E7A4F7556}") = "R5T.Jutland.Newtonsoft", "..\..\R5T.Jutland.Newtonsoft\source\R5T.Jutland.Newtonsoft\R5T.Jutland.Newtonsoft.csproj", "{61F4BF69-EF58-4F4C-8C32-E3F14A283D6A}"
EndProject
Project("{9A19103F-16F7-4668-BE54-9A1E7A4F7556}") = "R5T.Pictia.Frisia", "..\..\R5T.Pictia.Frisia\source\R5T.Pictia.Frisia\R5T.Pictia.Frisia.csproj", "{465F16F6-4B92-4207-87C8-1FAB40F7CA53}"
EndProject
Project("{9A19103F-16F7-4668-BE54-9A1E7A4F7556}") = "R5T.Pictia", "..\..\R5T.Pictia\source\R5T.Pictia\R5T.Pictia.csproj", "{7CB1A9DE-250E-4388-94DB-4DA7AE37EA51}"
EndProject
Project("{9A19103F-16F7-4668-BE54-9A1E7A4F7556}") = "R5T.Suebia.Alamania", "..\..\R5T.Suebia.Alamania\source\R5T.Suebia.Alamania\R5T.Suebia.Alamania.csproj", "{661A0B95-767C-4381-B274-A7EE23DD2F07}"
EndProject
Project("{9A19103F-16F7-4668-BE54-9A1E7A4F7556}") = "R5T.Visigothia.Default.Local", "..\..\R5T.Visigothia.Default.Local\source\R5T.Visigothia.Default.Local\R5T.Visigothia.Default.Local.csproj", "{260ABEAA-EA80-46E0-A127-4059E4184D92}"
EndProject
Project("{9A19103F-16F7-4668-BE54-9A1E7A4F7556}") = "R5T.Gepidia.Remote", "..\..\R5T.Gepidia.Remote\source\R5T.Gepidia.Remote\R5T.Gepidia.Remote.csproj", "{9FD1737E-651D-4375-AB55-B1ABFE8F25CF}"
EndProject
Project("{9A19103F-16F7-4668-BE54-9A1E7A4F7556}") = "R5T.Gepidia.Lombardy", "..\..\R5T.Gepidia.Lombardy\source\R5T.Gepidia.Lombardy\R5T.Gepidia.Lombardy.csproj", "{3CB208F4-A196-4366-AD10-5CC85006977D}"
EndProject
Project("{9A19103F-16F7-4668-BE54-9A1E7A4F7556}") = "R5T.Dacia.Extensions", "..\..\R5T.Dacia.Extensions\source\R5T.Dacia.Extensions\R5T.Dacia.Extensions.csproj", "{59FFB9AE-89F6-4CD7-9D68-F6441523B105}"
EndProject
Project("{9A19103F-16F7-4668-BE54-9A1E7A4F7556}") = "R5T.Newport", "..\..\R5T.Newport\source\R5T.Newport\R5T.Newport.csproj", "{D9B13F45-8E59-4BC1-A1EE-DF0632309ED9}"
EndProject
Global
	GlobalSection(SolutionConfigurationPlatforms) = preSolution
		Debug|Any CPU = Debug|Any CPU
		Debug|x64 = Debug|x64
		Debug|x86 = Debug|x86
		Release|Any CPU = Release|Any CPU
		Release|x64 = Release|x64
		Release|x86 = Release|x86
	EndGlobalSection
	GlobalSection(ProjectConfigurationPlatforms) = postSolution
		{AD9D88FB-6A2A-4163-9462-8D90CE243CFF}.Debug|Any CPU.ActiveCfg = Debug|Any CPU
		{AD9D88FB-6A2A-4163-9462-8D90CE243CFF}.Debug|Any CPU.Build.0 = Debug|Any CPU
		{AD9D88FB-6A2A-4163-9462-8D90CE243CFF}.Debug|x64.ActiveCfg = Debug|Any CPU
		{AD9D88FB-6A2A-4163-9462-8D90CE243CFF}.Debug|x64.Build.0 = Debug|Any CPU
		{AD9D88FB-6A2A-4163-9462-8D90CE243CFF}.Debug|x86.ActiveCfg = Debug|Any CPU
		{AD9D88FB-6A2A-4163-9462-8D90CE243CFF}.Debug|x86.Build.0 = Debug|Any CPU
		{AD9D88FB-6A2A-4163-9462-8D90CE243CFF}.Release|Any CPU.ActiveCfg = Release|Any CPU
		{AD9D88FB-6A2A-4163-9462-8D90CE243CFF}.Release|Any CPU.Build.0 = Release|Any CPU
		{AD9D88FB-6A2A-4163-9462-8D90CE243CFF}.Release|x64.ActiveCfg = Release|Any CPU
		{AD9D88FB-6A2A-4163-9462-8D90CE243CFF}.Release|x64.Build.0 = Release|Any CPU
		{AD9D88FB-6A2A-4163-9462-8D90CE243CFF}.Release|x86.ActiveCfg = Release|Any CPU
		{AD9D88FB-6A2A-4163-9462-8D90CE243CFF}.Release|x86.Build.0 = Release|Any CPU
		{AB5331FF-1228-4B80-8D4E-FECC5D7D80E1}.Debug|Any CPU.ActiveCfg = Debug|Any CPU
		{AB5331FF-1228-4B80-8D4E-FECC5D7D80E1}.Debug|Any CPU.Build.0 = Debug|Any CPU
		{AB5331FF-1228-4B80-8D4E-FECC5D7D80E1}.Debug|x64.ActiveCfg = Debug|Any CPU
		{AB5331FF-1228-4B80-8D4E-FECC5D7D80E1}.Debug|x64.Build.0 = Debug|Any CPU
		{AB5331FF-1228-4B80-8D4E-FECC5D7D80E1}.Debug|x86.ActiveCfg = Debug|Any CPU
		{AB5331FF-1228-4B80-8D4E-FECC5D7D80E1}.Debug|x86.Build.0 = Debug|Any CPU
		{AB5331FF-1228-4B80-8D4E-FECC5D7D80E1}.Release|Any CPU.ActiveCfg = Release|Any CPU
		{AB5331FF-1228-4B80-8D4E-FECC5D7D80E1}.Release|Any CPU.Build.0 = Release|Any CPU
		{AB5331FF-1228-4B80-8D4E-FECC5D7D80E1}.Release|x64.ActiveCfg = Release|Any CPU
		{AB5331FF-1228-4B80-8D4E-FECC5D7D80E1}.Release|x64.Build.0 = Release|Any CPU
		{AB5331FF-1228-4B80-8D4E-FECC5D7D80E1}.Release|x86.ActiveCfg = Release|Any CPU
		{AB5331FF-1228-4B80-8D4E-FECC5D7D80E1}.Release|x86.Build.0 = Release|Any CPU
		{E21DEE4B-FDBC-4BA7-987F-F363EA0453FB}.Debug|Any CPU.ActiveCfg = Debug|Any CPU
		{E21DEE4B-FDBC-4BA7-987F-F363EA0453FB}.Debug|Any CPU.Build.0 = Debug|Any CPU
		{E21DEE4B-FDBC-4BA7-987F-F363EA0453FB}.Debug|x64.ActiveCfg = Debug|Any CPU
		{E21DEE4B-FDBC-4BA7-987F-F363EA0453FB}.Debug|x64.Build.0 = Debug|Any CPU
		{E21DEE4B-FDBC-4BA7-987F-F363EA0453FB}.Debug|x86.ActiveCfg = Debug|Any CPU
		{E21DEE4B-FDBC-4BA7-987F-F363EA0453FB}.Debug|x86.Build.0 = Debug|Any CPU
		{E21DEE4B-FDBC-4BA7-987F-F363EA0453FB}.Release|Any CPU.ActiveCfg = Release|Any CPU
		{E21DEE4B-FDBC-4BA7-987F-F363EA0453FB}.Release|Any CPU.Build.0 = Release|Any CPU
		{E21DEE4B-FDBC-4BA7-987F-F363EA0453FB}.Release|x64.ActiveCfg = Release|Any CPU
		{E21DEE4B-FDBC-4BA7-987F-F363EA0453FB}.Release|x64.Build.0 = Release|Any CPU
		{E21DEE4B-FDBC-4BA7-987F-F363EA0453FB}.Release|x86.ActiveCfg = Release|Any CPU
		{E21DEE4B-FDBC-4BA7-987F-F363EA0453FB}.Release|x86.Build.0 = Release|Any CPU
		{1B29C32F-71C0-4BCE-A7DD-18BCD907ADE3}.Debug|Any CPU.ActiveCfg = Debug|Any CPU
		{1B29C32F-71C0-4BCE-A7DD-18BCD907ADE3}.Debug|Any CPU.Build.0 = Debug|Any CPU
		{1B29C32F-71C0-4BCE-A7DD-18BCD907ADE3}.Debug|x64.ActiveCfg = Debug|Any CPU
		{1B29C32F-71C0-4BCE-A7DD-18BCD907ADE3}.Debug|x64.Build.0 = Debug|Any CPU
		{1B29C32F-71C0-4BCE-A7DD-18BCD907ADE3}.Debug|x86.ActiveCfg = Debug|Any CPU
		{1B29C32F-71C0-4BCE-A7DD-18BCD907ADE3}.Debug|x86.Build.0 = Debug|Any CPU
		{1B29C32F-71C0-4BCE-A7DD-18BCD907ADE3}.Release|Any CPU.ActiveCfg = Release|Any CPU
		{1B29C32F-71C0-4BCE-A7DD-18BCD907ADE3}.Release|Any CPU.Build.0 = Release|Any CPU
		{1B29C32F-71C0-4BCE-A7DD-18BCD907ADE3}.Release|x64.ActiveCfg = Release|Any CPU
		{1B29C32F-71C0-4BCE-A7DD-18BCD907ADE3}.Release|x64.Build.0 = Release|Any CPU
		{1B29C32F-71C0-4BCE-A7DD-18BCD907ADE3}.Release|x86.ActiveCfg = Release|Any CPU
		{1B29C32F-71C0-4BCE-A7DD-18BCD907ADE3}.Release|x86.Build.0 = Release|Any CPU
		{81F721C7-919E-46DA-81BB-E182AC679F4F}.Debug|Any CPU.ActiveCfg = Debug|Any CPU
		{81F721C7-919E-46DA-81BB-E182AC679F4F}.Debug|Any CPU.Build.0 = Debug|Any CPU
		{81F721C7-919E-46DA-81BB-E182AC679F4F}.Debug|x64.ActiveCfg = Debug|Any CPU
		{81F721C7-919E-46DA-81BB-E182AC679F4F}.Debug|x64.Build.0 = Debug|Any CPU
		{81F721C7-919E-46DA-81BB-E182AC679F4F}.Debug|x86.ActiveCfg = Debug|Any CPU
		{81F721C7-919E-46DA-81BB-E182AC679F4F}.Debug|x86.Build.0 = Debug|Any CPU
		{81F721C7-919E-46DA-81BB-E182AC679F4F}.Release|Any CPU.ActiveCfg = Release|Any CPU
		{81F721C7-919E-46DA-81BB-E182AC679F4F}.Release|Any CPU.Build.0 = Release|Any CPU
		{81F721C7-919E-46DA-81BB-E182AC679F4F}.Release|x64.ActiveCfg = Release|Any CPU
		{81F721C7-919E-46DA-81BB-E182AC679F4F}.Release|x64.Build.0 = Release|Any CPU
		{81F721C7-919E-46DA-81BB-E182AC679F4F}.Release|x86.ActiveCfg = Release|Any CPU
		{81F721C7-919E-46DA-81BB-E182AC679F4F}.Release|x86.Build.0 = Release|Any CPU
		{91A0452C-7E65-4418-8F85-01B65086D3CE}.Debug|Any CPU.ActiveCfg = Debug|Any CPU
		{91A0452C-7E65-4418-8F85-01B65086D3CE}.Debug|Any CPU.Build.0 = Debug|Any CPU
		{91A0452C-7E65-4418-8F85-01B65086D3CE}.Debug|x64.ActiveCfg = Debug|Any CPU
		{91A0452C-7E65-4418-8F85-01B65086D3CE}.Debug|x64.Build.0 = Debug|Any CPU
		{91A0452C-7E65-4418-8F85-01B65086D3CE}.Debug|x86.ActiveCfg = Debug|Any CPU
		{91A0452C-7E65-4418-8F85-01B65086D3CE}.Debug|x86.Build.0 = Debug|Any CPU
		{91A0452C-7E65-4418-8F85-01B65086D3CE}.Release|Any CPU.ActiveCfg = Release|Any CPU
		{91A0452C-7E65-4418-8F85-01B65086D3CE}.Release|Any CPU.Build.0 = Release|Any CPU
		{91A0452C-7E65-4418-8F85-01B65086D3CE}.Release|x64.ActiveCfg = Release|Any CPU
		{91A0452C-7E65-4418-8F85-01B65086D3CE}.Release|x64.Build.0 = Release|Any CPU
		{91A0452C-7E65-4418-8F85-01B65086D3CE}.Release|x86.ActiveCfg = Release|Any CPU
		{91A0452C-7E65-4418-8F85-01B65086D3CE}.Release|x86.Build.0 = Release|Any CPU
		{4DA4AC71-15BE-432D-A18E-DE71E9D39C5C}.Debug|Any CPU.ActiveCfg = Debug|Any CPU
		{4DA4AC71-15BE-432D-A18E-DE71E9D39C5C}.Debug|Any CPU.Build.0 = Debug|Any CPU
		{4DA4AC71-15BE-432D-A18E-DE71E9D39C5C}.Debug|x64.ActiveCfg = Debug|Any CPU
		{4DA4AC71-15BE-432D-A18E-DE71E9D39C5C}.Debug|x64.Build.0 = Debug|Any CPU
		{4DA4AC71-15BE-432D-A18E-DE71E9D39C5C}.Debug|x86.ActiveCfg = Debug|Any CPU
		{4DA4AC71-15BE-432D-A18E-DE71E9D39C5C}.Debug|x86.Build.0 = Debug|Any CPU
		{4DA4AC71-15BE-432D-A18E-DE71E9D39C5C}.Release|Any CPU.ActiveCfg = Release|Any CPU
		{4DA4AC71-15BE-432D-A18E-DE71E9D39C5C}.Release|Any CPU.Build.0 = Release|Any CPU
		{4DA4AC71-15BE-432D-A18E-DE71E9D39C5C}.Release|x64.ActiveCfg = Release|Any CPU
		{4DA4AC71-15BE-432D-A18E-DE71E9D39C5C}.Release|x64.Build.0 = Release|Any CPU
		{4DA4AC71-15BE-432D-A18E-DE71E9D39C5C}.Release|x86.ActiveCfg = Release|Any CPU
		{4DA4AC71-15BE-432D-A18E-DE71E9D39C5C}.Release|x86.Build.0 = Release|Any CPU
		{F29DEBB0-FE08-4F89-AB11-3CC326FFB651}.Debug|Any CPU.ActiveCfg = Debug|Any CPU
		{F29DEBB0-FE08-4F89-AB11-3CC326FFB651}.Debug|Any CPU.Build.0 = Debug|Any CPU
		{F29DEBB0-FE08-4F89-AB11-3CC326FFB651}.Debug|x64.ActiveCfg = Debug|Any CPU
		{F29DEBB0-FE08-4F89-AB11-3CC326FFB651}.Debug|x64.Build.0 = Debug|Any CPU
		{F29DEBB0-FE08-4F89-AB11-3CC326FFB651}.Debug|x86.ActiveCfg = Debug|Any CPU
		{F29DEBB0-FE08-4F89-AB11-3CC326FFB651}.Debug|x86.Build.0 = Debug|Any CPU
		{F29DEBB0-FE08-4F89-AB11-3CC326FFB651}.Release|Any CPU.ActiveCfg = Release|Any CPU
		{F29DEBB0-FE08-4F89-AB11-3CC326FFB651}.Release|Any CPU.Build.0 = Release|Any CPU
		{F29DEBB0-FE08-4F89-AB11-3CC326FFB651}.Release|x64.ActiveCfg = Release|Any CPU
		{F29DEBB0-FE08-4F89-AB11-3CC326FFB651}.Release|x64.Build.0 = Release|Any CPU
		{F29DEBB0-FE08-4F89-AB11-3CC326FFB651}.Release|x86.ActiveCfg = Release|Any CPU
		{F29DEBB0-FE08-4F89-AB11-3CC326FFB651}.Release|x86.Build.0 = Release|Any CPU
		{B6807108-9D07-4764-910C-64F35D2C8DBD}.Debug|Any CPU.ActiveCfg = Debug|Any CPU
		{B6807108-9D07-4764-910C-64F35D2C8DBD}.Debug|Any CPU.Build.0 = Debug|Any CPU
		{B6807108-9D07-4764-910C-64F35D2C8DBD}.Debug|x64.ActiveCfg = Debug|Any CPU
		{B6807108-9D07-4764-910C-64F35D2C8DBD}.Debug|x64.Build.0 = Debug|Any CPU
		{B6807108-9D07-4764-910C-64F35D2C8DBD}.Debug|x86.ActiveCfg = Debug|Any CPU
		{B6807108-9D07-4764-910C-64F35D2C8DBD}.Debug|x86.Build.0 = Debug|Any CPU
		{B6807108-9D07-4764-910C-64F35D2C8DBD}.Release|Any CPU.ActiveCfg = Release|Any CPU
		{B6807108-9D07-4764-910C-64F35D2C8DBD}.Release|Any CPU.Build.0 = Release|Any CPU
		{B6807108-9D07-4764-910C-64F35D2C8DBD}.Release|x64.ActiveCfg = Release|Any CPU
		{B6807108-9D07-4764-910C-64F35D2C8DBD}.Release|x64.Build.0 = Release|Any CPU
		{B6807108-9D07-4764-910C-64F35D2C8DBD}.Release|x86.ActiveCfg = Release|Any CPU
		{B6807108-9D07-4764-910C-64F35D2C8DBD}.Release|x86.Build.0 = Release|Any CPU
		{880FDD59-13AE-4FDA-AFEA-1BCED83B530E}.Debug|Any CPU.ActiveCfg = Debug|Any CPU
		{880FDD59-13AE-4FDA-AFEA-1BCED83B530E}.Debug|Any CPU.Build.0 = Debug|Any CPU
		{880FDD59-13AE-4FDA-AFEA-1BCED83B530E}.Debug|x64.ActiveCfg = Debug|Any CPU
		{880FDD59-13AE-4FDA-AFEA-1BCED83B530E}.Debug|x64.Build.0 = Debug|Any CPU
		{880FDD59-13AE-4FDA-AFEA-1BCED83B530E}.Debug|x86.ActiveCfg = Debug|Any CPU
		{880FDD59-13AE-4FDA-AFEA-1BCED83B530E}.Debug|x86.Build.0 = Debug|Any CPU
		{880FDD59-13AE-4FDA-AFEA-1BCED83B530E}.Release|Any CPU.ActiveCfg = Release|Any CPU
		{880FDD59-13AE-4FDA-AFEA-1BCED83B530E}.Release|Any CPU.Build.0 = Release|Any CPU
		{880FDD59-13AE-4FDA-AFEA-1BCED83B530E}.Release|x64.ActiveCfg = Release|Any CPU
		{880FDD59-13AE-4FDA-AFEA-1BCED83B530E}.Release|x64.Build.0 = Release|Any CPU
		{880FDD59-13AE-4FDA-AFEA-1BCED83B530E}.Release|x86.ActiveCfg = Release|Any CPU
		{880FDD59-13AE-4FDA-AFEA-1BCED83B530E}.Release|x86.Build.0 = Release|Any CPU
		{E2389C58-59FA-43FD-AD00-DB4C1D07E26D}.Debug|Any CPU.ActiveCfg = Debug|Any CPU
		{E2389C58-59FA-43FD-AD00-DB4C1D07E26D}.Debug|Any CPU.Build.0 = Debug|Any CPU
		{E2389C58-59FA-43FD-AD00-DB4C1D07E26D}.Debug|x64.ActiveCfg = Debug|Any CPU
		{E2389C58-59FA-43FD-AD00-DB4C1D07E26D}.Debug|x64.Build.0 = Debug|Any CPU
		{E2389C58-59FA-43FD-AD00-DB4C1D07E26D}.Debug|x86.ActiveCfg = Debug|Any CPU
		{E2389C58-59FA-43FD-AD00-DB4C1D07E26D}.Debug|x86.Build.0 = Debug|Any CPU
		{E2389C58-59FA-43FD-AD00-DB4C1D07E26D}.Release|Any CPU.ActiveCfg = Release|Any CPU
		{E2389C58-59FA-43FD-AD00-DB4C1D07E26D}.Release|Any CPU.Build.0 = Release|Any CPU
		{E2389C58-59FA-43FD-AD00-DB4C1D07E26D}.Release|x64.ActiveCfg = Release|Any CPU
		{E2389C58-59FA-43FD-AD00-DB4C1D07E26D}.Release|x64.Build.0 = Release|Any CPU
		{E2389C58-59FA-43FD-AD00-DB4C1D07E26D}.Release|x86.ActiveCfg = Release|Any CPU
		{E2389C58-59FA-43FD-AD00-DB4C1D07E26D}.Release|x86.Build.0 = Release|Any CPU
		{26D775AA-8724-4705-B6D3-23F880AB5233}.Debug|Any CPU.ActiveCfg = Debug|Any CPU
		{26D775AA-8724-4705-B6D3-23F880AB5233}.Debug|Any CPU.Build.0 = Debug|Any CPU
		{26D775AA-8724-4705-B6D3-23F880AB5233}.Debug|x64.ActiveCfg = Debug|Any CPU
		{26D775AA-8724-4705-B6D3-23F880AB5233}.Debug|x64.Build.0 = Debug|Any CPU
		{26D775AA-8724-4705-B6D3-23F880AB5233}.Debug|x86.ActiveCfg = Debug|Any CPU
		{26D775AA-8724-4705-B6D3-23F880AB5233}.Debug|x86.Build.0 = Debug|Any CPU
		{26D775AA-8724-4705-B6D3-23F880AB5233}.Release|Any CPU.ActiveCfg = Release|Any CPU
		{26D775AA-8724-4705-B6D3-23F880AB5233}.Release|Any CPU.Build.0 = Release|Any CPU
		{26D775AA-8724-4705-B6D3-23F880AB5233}.Release|x64.ActiveCfg = Release|Any CPU
		{26D775AA-8724-4705-B6D3-23F880AB5233}.Release|x64.Build.0 = Release|Any CPU
		{26D775AA-8724-4705-B6D3-23F880AB5233}.Release|x86.ActiveCfg = Release|Any CPU
		{26D775AA-8724-4705-B6D3-23F880AB5233}.Release|x86.Build.0 = Release|Any CPU
		{1DED6781-DE5B-402A-B6A7-E9B33C208D20}.Debug|Any CPU.ActiveCfg = Debug|Any CPU
		{1DED6781-DE5B-402A-B6A7-E9B33C208D20}.Debug|Any CPU.Build.0 = Debug|Any CPU
		{1DED6781-DE5B-402A-B6A7-E9B33C208D20}.Debug|x64.ActiveCfg = Debug|Any CPU
		{1DED6781-DE5B-402A-B6A7-E9B33C208D20}.Debug|x64.Build.0 = Debug|Any CPU
		{1DED6781-DE5B-402A-B6A7-E9B33C208D20}.Debug|x86.ActiveCfg = Debug|Any CPU
		{1DED6781-DE5B-402A-B6A7-E9B33C208D20}.Debug|x86.Build.0 = Debug|Any CPU
		{1DED6781-DE5B-402A-B6A7-E9B33C208D20}.Release|Any CPU.ActiveCfg = Release|Any CPU
		{1DED6781-DE5B-402A-B6A7-E9B33C208D20}.Release|Any CPU.Build.0 = Release|Any CPU
		{1DED6781-DE5B-402A-B6A7-E9B33C208D20}.Release|x64.ActiveCfg = Release|Any CPU
		{1DED6781-DE5B-402A-B6A7-E9B33C208D20}.Release|x64.Build.0 = Release|Any CPU
		{1DED6781-DE5B-402A-B6A7-E9B33C208D20}.Release|x86.ActiveCfg = Release|Any CPU
		{1DED6781-DE5B-402A-B6A7-E9B33C208D20}.Release|x86.Build.0 = Release|Any CPU
		{B3C4C480-4E24-4964-8549-15E01FE66306}.Debug|Any CPU.ActiveCfg = Debug|Any CPU
		{B3C4C480-4E24-4964-8549-15E01FE66306}.Debug|Any CPU.Build.0 = Debug|Any CPU
		{B3C4C480-4E24-4964-8549-15E01FE66306}.Debug|x64.ActiveCfg = Debug|Any CPU
		{B3C4C480-4E24-4964-8549-15E01FE66306}.Debug|x64.Build.0 = Debug|Any CPU
		{B3C4C480-4E24-4964-8549-15E01FE66306}.Debug|x86.ActiveCfg = Debug|Any CPU
		{B3C4C480-4E24-4964-8549-15E01FE66306}.Debug|x86.Build.0 = Debug|Any CPU
		{B3C4C480-4E24-4964-8549-15E01FE66306}.Release|Any CPU.ActiveCfg = Release|Any CPU
		{B3C4C480-4E24-4964-8549-15E01FE66306}.Release|Any CPU.Build.0 = Release|Any CPU
		{B3C4C480-4E24-4964-8549-15E01FE66306}.Release|x64.ActiveCfg = Release|Any CPU
		{B3C4C480-4E24-4964-8549-15E01FE66306}.Release|x64.Build.0 = Release|Any CPU
		{B3C4C480-4E24-4964-8549-15E01FE66306}.Release|x86.ActiveCfg = Release|Any CPU
		{B3C4C480-4E24-4964-8549-15E01FE66306}.Release|x86.Build.0 = Release|Any CPU
		{AEF61AA6-E592-4608-9FC5-28FB1CC25CA0}.Debug|Any CPU.ActiveCfg = Debug|Any CPU
		{AEF61AA6-E592-4608-9FC5-28FB1CC25CA0}.Debug|Any CPU.Build.0 = Debug|Any CPU
		{AEF61AA6-E592-4608-9FC5-28FB1CC25CA0}.Debug|x64.ActiveCfg = Debug|Any CPU
		{AEF61AA6-E592-4608-9FC5-28FB1CC25CA0}.Debug|x64.Build.0 = Debug|Any CPU
		{AEF61AA6-E592-4608-9FC5-28FB1CC25CA0}.Debug|x86.ActiveCfg = Debug|Any CPU
		{AEF61AA6-E592-4608-9FC5-28FB1CC25CA0}.Debug|x86.Build.0 = Debug|Any CPU
		{AEF61AA6-E592-4608-9FC5-28FB1CC25CA0}.Release|Any CPU.ActiveCfg = Release|Any CPU
		{AEF61AA6-E592-4608-9FC5-28FB1CC25CA0}.Release|Any CPU.Build.0 = Release|Any CPU
		{AEF61AA6-E592-4608-9FC5-28FB1CC25CA0}.Release|x64.ActiveCfg = Release|Any CPU
		{AEF61AA6-E592-4608-9FC5-28FB1CC25CA0}.Release|x64.Build.0 = Release|Any CPU
		{AEF61AA6-E592-4608-9FC5-28FB1CC25CA0}.Release|x86.ActiveCfg = Release|Any CPU
		{AEF61AA6-E592-4608-9FC5-28FB1CC25CA0}.Release|x86.Build.0 = Release|Any CPU
		{19A904CC-2C62-4C2A-AEE1-D54C1648C61F}.Debug|Any CPU.ActiveCfg = Debug|Any CPU
		{19A904CC-2C62-4C2A-AEE1-D54C1648C61F}.Debug|Any CPU.Build.0 = Debug|Any CPU
		{19A904CC-2C62-4C2A-AEE1-D54C1648C61F}.Debug|x64.ActiveCfg = Debug|Any CPU
		{19A904CC-2C62-4C2A-AEE1-D54C1648C61F}.Debug|x64.Build.0 = Debug|Any CPU
		{19A904CC-2C62-4C2A-AEE1-D54C1648C61F}.Debug|x86.ActiveCfg = Debug|Any CPU
		{19A904CC-2C62-4C2A-AEE1-D54C1648C61F}.Debug|x86.Build.0 = Debug|Any CPU
		{19A904CC-2C62-4C2A-AEE1-D54C1648C61F}.Release|Any CPU.ActiveCfg = Release|Any CPU
		{19A904CC-2C62-4C2A-AEE1-D54C1648C61F}.Release|Any CPU.Build.0 = Release|Any CPU
		{19A904CC-2C62-4C2A-AEE1-D54C1648C61F}.Release|x64.ActiveCfg = Release|Any CPU
		{19A904CC-2C62-4C2A-AEE1-D54C1648C61F}.Release|x64.Build.0 = Release|Any CPU
		{19A904CC-2C62-4C2A-AEE1-D54C1648C61F}.Release|x86.ActiveCfg = Release|Any CPU
		{19A904CC-2C62-4C2A-AEE1-D54C1648C61F}.Release|x86.Build.0 = Release|Any CPU
		{FC383ABB-FD8E-4076-8235-D00F1C986BBA}.Debug|Any CPU.ActiveCfg = Debug|Any CPU
		{FC383ABB-FD8E-4076-8235-D00F1C986BBA}.Debug|Any CPU.Build.0 = Debug|Any CPU
		{FC383ABB-FD8E-4076-8235-D00F1C986BBA}.Debug|x64.ActiveCfg = Debug|Any CPU
		{FC383ABB-FD8E-4076-8235-D00F1C986BBA}.Debug|x64.Build.0 = Debug|Any CPU
		{FC383ABB-FD8E-4076-8235-D00F1C986BBA}.Debug|x86.ActiveCfg = Debug|Any CPU
		{FC383ABB-FD8E-4076-8235-D00F1C986BBA}.Debug|x86.Build.0 = Debug|Any CPU
		{FC383ABB-FD8E-4076-8235-D00F1C986BBA}.Release|Any CPU.ActiveCfg = Release|Any CPU
		{FC383ABB-FD8E-4076-8235-D00F1C986BBA}.Release|Any CPU.Build.0 = Release|Any CPU
		{FC383ABB-FD8E-4076-8235-D00F1C986BBA}.Release|x64.ActiveCfg = Release|Any CPU
		{FC383ABB-FD8E-4076-8235-D00F1C986BBA}.Release|x64.Build.0 = Release|Any CPU
		{FC383ABB-FD8E-4076-8235-D00F1C986BBA}.Release|x86.ActiveCfg = Release|Any CPU
		{FC383ABB-FD8E-4076-8235-D00F1C986BBA}.Release|x86.Build.0 = Release|Any CPU
		{7773F146-072B-46C4-A303-3983DDCC7CF0}.Debug|Any CPU.ActiveCfg = Debug|Any CPU
		{7773F146-072B-46C4-A303-3983DDCC7CF0}.Debug|Any CPU.Build.0 = Debug|Any CPU
		{7773F146-072B-46C4-A303-3983DDCC7CF0}.Debug|x64.ActiveCfg = Debug|Any CPU
		{7773F146-072B-46C4-A303-3983DDCC7CF0}.Debug|x64.Build.0 = Debug|Any CPU
		{7773F146-072B-46C4-A303-3983DDCC7CF0}.Debug|x86.ActiveCfg = Debug|Any CPU
		{7773F146-072B-46C4-A303-3983DDCC7CF0}.Debug|x86.Build.0 = Debug|Any CPU
		{7773F146-072B-46C4-A303-3983DDCC7CF0}.Release|Any CPU.ActiveCfg = Release|Any CPU
		{7773F146-072B-46C4-A303-3983DDCC7CF0}.Release|Any CPU.Build.0 = Release|Any CPU
		{7773F146-072B-46C4-A303-3983DDCC7CF0}.Release|x64.ActiveCfg = Release|Any CPU
		{7773F146-072B-46C4-A303-3983DDCC7CF0}.Release|x64.Build.0 = Release|Any CPU
		{7773F146-072B-46C4-A303-3983DDCC7CF0}.Release|x86.ActiveCfg = Release|Any CPU
		{7773F146-072B-46C4-A303-3983DDCC7CF0}.Release|x86.Build.0 = Release|Any CPU
		{A1B24F48-3033-47B5-AE22-8DD2853EDA5F}.Debug|Any CPU.ActiveCfg = Debug|Any CPU
		{A1B24F48-3033-47B5-AE22-8DD2853EDA5F}.Debug|Any CPU.Build.0 = Debug|Any CPU
		{A1B24F48-3033-47B5-AE22-8DD2853EDA5F}.Debug|x64.ActiveCfg = Debug|Any CPU
		{A1B24F48-3033-47B5-AE22-8DD2853EDA5F}.Debug|x64.Build.0 = Debug|Any CPU
		{A1B24F48-3033-47B5-AE22-8DD2853EDA5F}.Debug|x86.ActiveCfg = Debug|Any CPU
		{A1B24F48-3033-47B5-AE22-8DD2853EDA5F}.Debug|x86.Build.0 = Debug|Any CPU
		{A1B24F48-3033-47B5-AE22-8DD2853EDA5F}.Release|Any CPU.ActiveCfg = Release|Any CPU
		{A1B24F48-3033-47B5-AE22-8DD2853EDA5F}.Release|Any CPU.Build.0 = Release|Any CPU
		{A1B24F48-3033-47B5-AE22-8DD2853EDA5F}.Release|x64.ActiveCfg = Release|Any CPU
		{A1B24F48-3033-47B5-AE22-8DD2853EDA5F}.Release|x64.Build.0 = Release|Any CPU
		{A1B24F48-3033-47B5-AE22-8DD2853EDA5F}.Release|x86.ActiveCfg = Release|Any CPU
		{A1B24F48-3033-47B5-AE22-8DD2853EDA5F}.Release|x86.Build.0 = Release|Any CPU
		{5CE90106-4D73-40AC-98B0-09658E824CEB}.Debug|Any CPU.ActiveCfg = Debug|Any CPU
		{5CE90106-4D73-40AC-98B0-09658E824CEB}.Debug|Any CPU.Build.0 = Debug|Any CPU
		{5CE90106-4D73-40AC-98B0-09658E824CEB}.Debug|x64.ActiveCfg = Debug|Any CPU
		{5CE90106-4D73-40AC-98B0-09658E824CEB}.Debug|x64.Build.0 = Debug|Any CPU
		{5CE90106-4D73-40AC-98B0-09658E824CEB}.Debug|x86.ActiveCfg = Debug|Any CPU
		{5CE90106-4D73-40AC-98B0-09658E824CEB}.Debug|x86.Build.0 = Debug|Any CPU
		{5CE90106-4D73-40AC-98B0-09658E824CEB}.Release|Any CPU.ActiveCfg = Release|Any CPU
		{5CE90106-4D73-40AC-98B0-09658E824CEB}.Release|Any CPU.Build.0 = Release|Any CPU
		{5CE90106-4D73-40AC-98B0-09658E824CEB}.Release|x64.ActiveCfg = Release|Any CPU
		{5CE90106-4D73-40AC-98B0-09658E824CEB}.Release|x64.Build.0 = Release|Any CPU
		{5CE90106-4D73-40AC-98B0-09658E824CEB}.Release|x86.ActiveCfg = Release|Any CPU
		{5CE90106-4D73-40AC-98B0-09658E824CEB}.Release|x86.Build.0 = Release|Any CPU
		{0DF6B666-4656-423F-9535-EEFB56DDD3AE}.Debug|Any CPU.ActiveCfg = Debug|Any CPU
		{0DF6B666-4656-423F-9535-EEFB56DDD3AE}.Debug|Any CPU.Build.0 = Debug|Any CPU
		{0DF6B666-4656-423F-9535-EEFB56DDD3AE}.Debug|x64.ActiveCfg = Debug|Any CPU
		{0DF6B666-4656-423F-9535-EEFB56DDD3AE}.Debug|x64.Build.0 = Debug|Any CPU
		{0DF6B666-4656-423F-9535-EEFB56DDD3AE}.Debug|x86.ActiveCfg = Debug|Any CPU
		{0DF6B666-4656-423F-9535-EEFB56DDD3AE}.Debug|x86.Build.0 = Debug|Any CPU
		{0DF6B666-4656-423F-9535-EEFB56DDD3AE}.Release|Any CPU.ActiveCfg = Release|Any CPU
		{0DF6B666-4656-423F-9535-EEFB56DDD3AE}.Release|Any CPU.Build.0 = Release|Any CPU
		{0DF6B666-4656-423F-9535-EEFB56DDD3AE}.Release|x64.ActiveCfg = Release|Any CPU
		{0DF6B666-4656-423F-9535-EEFB56DDD3AE}.Release|x64.Build.0 = Release|Any CPU
		{0DF6B666-4656-423F-9535-EEFB56DDD3AE}.Release|x86.ActiveCfg = Release|Any CPU
		{0DF6B666-4656-423F-9535-EEFB56DDD3AE}.Release|x86.Build.0 = Release|Any CPU
		{88CBEBCB-ABC1-410E-BF31-8B207FF042FA}.Debug|Any CPU.ActiveCfg = Debug|Any CPU
		{88CBEBCB-ABC1-410E-BF31-8B207FF042FA}.Debug|Any CPU.Build.0 = Debug|Any CPU
		{88CBEBCB-ABC1-410E-BF31-8B207FF042FA}.Debug|x64.ActiveCfg = Debug|Any CPU
		{88CBEBCB-ABC1-410E-BF31-8B207FF042FA}.Debug|x64.Build.0 = Debug|Any CPU
		{88CBEBCB-ABC1-410E-BF31-8B207FF042FA}.Debug|x86.ActiveCfg = Debug|Any CPU
		{88CBEBCB-ABC1-410E-BF31-8B207FF042FA}.Debug|x86.Build.0 = Debug|Any CPU
		{88CBEBCB-ABC1-410E-BF31-8B207FF042FA}.Release|Any CPU.ActiveCfg = Release|Any CPU
		{88CBEBCB-ABC1-410E-BF31-8B207FF042FA}.Release|Any CPU.Build.0 = Release|Any CPU
		{88CBEBCB-ABC1-410E-BF31-8B207FF042FA}.Release|x64.ActiveCfg = Release|Any CPU
		{88CBEBCB-ABC1-410E-BF31-8B207FF042FA}.Release|x64.Build.0 = Release|Any CPU
		{88CBEBCB-ABC1-410E-BF31-8B207FF042FA}.Release|x86.ActiveCfg = Release|Any CPU
		{88CBEBCB-ABC1-410E-BF31-8B207FF042FA}.Release|x86.Build.0 = Release|Any CPU
		{C1B272EF-8D9A-4BF3-9ABD-C53915D20CDD}.Debug|Any CPU.ActiveCfg = Debug|Any CPU
		{C1B272EF-8D9A-4BF3-9ABD-C53915D20CDD}.Debug|Any CPU.Build.0 = Debug|Any CPU
		{C1B272EF-8D9A-4BF3-9ABD-C53915D20CDD}.Debug|x64.ActiveCfg = Debug|Any CPU
		{C1B272EF-8D9A-4BF3-9ABD-C53915D20CDD}.Debug|x64.Build.0 = Debug|Any CPU
		{C1B272EF-8D9A-4BF3-9ABD-C53915D20CDD}.Debug|x86.ActiveCfg = Debug|Any CPU
		{C1B272EF-8D9A-4BF3-9ABD-C53915D20CDD}.Debug|x86.Build.0 = Debug|Any CPU
		{C1B272EF-8D9A-4BF3-9ABD-C53915D20CDD}.Release|Any CPU.ActiveCfg = Release|Any CPU
		{C1B272EF-8D9A-4BF3-9ABD-C53915D20CDD}.Release|Any CPU.Build.0 = Release|Any CPU
		{C1B272EF-8D9A-4BF3-9ABD-C53915D20CDD}.Release|x64.ActiveCfg = Release|Any CPU
		{C1B272EF-8D9A-4BF3-9ABD-C53915D20CDD}.Release|x64.Build.0 = Release|Any CPU
		{C1B272EF-8D9A-4BF3-9ABD-C53915D20CDD}.Release|x86.ActiveCfg = Release|Any CPU
		{C1B272EF-8D9A-4BF3-9ABD-C53915D20CDD}.Release|x86.Build.0 = Release|Any CPU
		{C44641ED-E1BA-4089-B1EF-515AFC1E1C19}.Debug|Any CPU.ActiveCfg = Debug|Any CPU
		{C44641ED-E1BA-4089-B1EF-515AFC1E1C19}.Debug|Any CPU.Build.0 = Debug|Any CPU
		{C44641ED-E1BA-4089-B1EF-515AFC1E1C19}.Debug|x64.ActiveCfg = Debug|Any CPU
		{C44641ED-E1BA-4089-B1EF-515AFC1E1C19}.Debug|x64.Build.0 = Debug|Any CPU
		{C44641ED-E1BA-4089-B1EF-515AFC1E1C19}.Debug|x86.ActiveCfg = Debug|Any CPU
		{C44641ED-E1BA-4089-B1EF-515AFC1E1C19}.Debug|x86.Build.0 = Debug|Any CPU
		{C44641ED-E1BA-4089-B1EF-515AFC1E1C19}.Release|Any CPU.ActiveCfg = Release|Any CPU
		{C44641ED-E1BA-4089-B1EF-515AFC1E1C19}.Release|Any CPU.Build.0 = Release|Any CPU
		{C44641ED-E1BA-4089-B1EF-515AFC1E1C19}.Release|x64.ActiveCfg = Release|Any CPU
		{C44641ED-E1BA-4089-B1EF-515AFC1E1C19}.Release|x64.Build.0 = Release|Any CPU
		{C44641ED-E1BA-4089-B1EF-515AFC1E1C19}.Release|x86.ActiveCfg = Release|Any CPU
		{C44641ED-E1BA-4089-B1EF-515AFC1E1C19}.Release|x86.Build.0 = Release|Any CPU
		{C5DB1F6E-02DE-40B0-B485-6073F5F11612}.Debug|Any CPU.ActiveCfg = Debug|Any CPU
		{C5DB1F6E-02DE-40B0-B485-6073F5F11612}.Debug|Any CPU.Build.0 = Debug|Any CPU
		{C5DB1F6E-02DE-40B0-B485-6073F5F11612}.Debug|x64.ActiveCfg = Debug|Any CPU
		{C5DB1F6E-02DE-40B0-B485-6073F5F11612}.Debug|x64.Build.0 = Debug|Any CPU
		{C5DB1F6E-02DE-40B0-B485-6073F5F11612}.Debug|x86.ActiveCfg = Debug|Any CPU
		{C5DB1F6E-02DE-40B0-B485-6073F5F11612}.Debug|x86.Build.0 = Debug|Any CPU
		{C5DB1F6E-02DE-40B0-B485-6073F5F11612}.Release|Any CPU.ActiveCfg = Release|Any CPU
		{C5DB1F6E-02DE-40B0-B485-6073F5F11612}.Release|Any CPU.Build.0 = Release|Any CPU
		{C5DB1F6E-02DE-40B0-B485-6073F5F11612}.Release|x64.ActiveCfg = Release|Any CPU
		{C5DB1F6E-02DE-40B0-B485-6073F5F11612}.Release|x64.Build.0 = Release|Any CPU
		{C5DB1F6E-02DE-40B0-B485-6073F5F11612}.Release|x86.ActiveCfg = Release|Any CPU
		{C5DB1F6E-02DE-40B0-B485-6073F5F11612}.Release|x86.Build.0 = Release|Any CPU
		{C12534BB-17BA-4F04-B598-7C54F34AB36F}.Debug|Any CPU.ActiveCfg = Debug|Any CPU
		{C12534BB-17BA-4F04-B598-7C54F34AB36F}.Debug|Any CPU.Build.0 = Debug|Any CPU
		{C12534BB-17BA-4F04-B598-7C54F34AB36F}.Debug|x64.ActiveCfg = Debug|Any CPU
		{C12534BB-17BA-4F04-B598-7C54F34AB36F}.Debug|x64.Build.0 = Debug|Any CPU
		{C12534BB-17BA-4F04-B598-7C54F34AB36F}.Debug|x86.ActiveCfg = Debug|Any CPU
		{C12534BB-17BA-4F04-B598-7C54F34AB36F}.Debug|x86.Build.0 = Debug|Any CPU
		{C12534BB-17BA-4F04-B598-7C54F34AB36F}.Release|Any CPU.ActiveCfg = Release|Any CPU
		{C12534BB-17BA-4F04-B598-7C54F34AB36F}.Release|Any CPU.Build.0 = Release|Any CPU
		{C12534BB-17BA-4F04-B598-7C54F34AB36F}.Release|x64.ActiveCfg = Release|Any CPU
		{C12534BB-17BA-4F04-B598-7C54F34AB36F}.Release|x64.Build.0 = Release|Any CPU
		{C12534BB-17BA-4F04-B598-7C54F34AB36F}.Release|x86.ActiveCfg = Release|Any CPU
		{C12534BB-17BA-4F04-B598-7C54F34AB36F}.Release|x86.Build.0 = Release|Any CPU
		{C12C49E0-32C2-4381-890D-8DC5737BDBED}.Debug|Any CPU.ActiveCfg = Debug|Any CPU
		{C12C49E0-32C2-4381-890D-8DC5737BDBED}.Debug|Any CPU.Build.0 = Debug|Any CPU
		{C12C49E0-32C2-4381-890D-8DC5737BDBED}.Debug|x64.ActiveCfg = Debug|Any CPU
		{C12C49E0-32C2-4381-890D-8DC5737BDBED}.Debug|x64.Build.0 = Debug|Any CPU
		{C12C49E0-32C2-4381-890D-8DC5737BDBED}.Debug|x86.ActiveCfg = Debug|Any CPU
		{C12C49E0-32C2-4381-890D-8DC5737BDBED}.Debug|x86.Build.0 = Debug|Any CPU
		{C12C49E0-32C2-4381-890D-8DC5737BDBED}.Release|Any CPU.ActiveCfg = Release|Any CPU
		{C12C49E0-32C2-4381-890D-8DC5737BDBED}.Release|Any CPU.Build.0 = Release|Any CPU
		{C12C49E0-32C2-4381-890D-8DC5737BDBED}.Release|x64.ActiveCfg = Release|Any CPU
		{C12C49E0-32C2-4381-890D-8DC5737BDBED}.Release|x64.Build.0 = Release|Any CPU
		{C12C49E0-32C2-4381-890D-8DC5737BDBED}.Release|x86.ActiveCfg = Release|Any CPU
		{C12C49E0-32C2-4381-890D-8DC5737BDBED}.Release|x86.Build.0 = Release|Any CPU
		{7BF28325-594C-4BDF-9A50-7F8B2EC657CC}.Debug|Any CPU.ActiveCfg = Debug|Any CPU
		{7BF28325-594C-4BDF-9A50-7F8B2EC657CC}.Debug|Any CPU.Build.0 = Debug|Any CPU
		{7BF28325-594C-4BDF-9A50-7F8B2EC657CC}.Debug|x64.ActiveCfg = Debug|Any CPU
		{7BF28325-594C-4BDF-9A50-7F8B2EC657CC}.Debug|x64.Build.0 = Debug|Any CPU
		{7BF28325-594C-4BDF-9A50-7F8B2EC657CC}.Debug|x86.ActiveCfg = Debug|Any CPU
		{7BF28325-594C-4BDF-9A50-7F8B2EC657CC}.Debug|x86.Build.0 = Debug|Any CPU
		{7BF28325-594C-4BDF-9A50-7F8B2EC657CC}.Release|Any CPU.ActiveCfg = Release|Any CPU
		{7BF28325-594C-4BDF-9A50-7F8B2EC657CC}.Release|Any CPU.Build.0 = Release|Any CPU
		{7BF28325-594C-4BDF-9A50-7F8B2EC657CC}.Release|x64.ActiveCfg = Release|Any CPU
		{7BF28325-594C-4BDF-9A50-7F8B2EC657CC}.Release|x64.Build.0 = Release|Any CPU
		{7BF28325-594C-4BDF-9A50-7F8B2EC657CC}.Release|x86.ActiveCfg = Release|Any CPU
		{7BF28325-594C-4BDF-9A50-7F8B2EC657CC}.Release|x86.Build.0 = Release|Any CPU
		{CBB912A3-AA36-4DFA-BA58-21449E9F96B8}.Debug|Any CPU.ActiveCfg = Debug|Any CPU
		{CBB912A3-AA36-4DFA-BA58-21449E9F96B8}.Debug|Any CPU.Build.0 = Debug|Any CPU
		{CBB912A3-AA36-4DFA-BA58-21449E9F96B8}.Debug|x64.ActiveCfg = Debug|Any CPU
		{CBB912A3-AA36-4DFA-BA58-21449E9F96B8}.Debug|x64.Build.0 = Debug|Any CPU
		{CBB912A3-AA36-4DFA-BA58-21449E9F96B8}.Debug|x86.ActiveCfg = Debug|Any CPU
		{CBB912A3-AA36-4DFA-BA58-21449E9F96B8}.Debug|x86.Build.0 = Debug|Any CPU
		{CBB912A3-AA36-4DFA-BA58-21449E9F96B8}.Release|Any CPU.ActiveCfg = Release|Any CPU
		{CBB912A3-AA36-4DFA-BA58-21449E9F96B8}.Release|Any CPU.Build.0 = Release|Any CPU
		{CBB912A3-AA36-4DFA-BA58-21449E9F96B8}.Release|x64.ActiveCfg = Release|Any CPU
		{CBB912A3-AA36-4DFA-BA58-21449E9F96B8}.Release|x64.Build.0 = Release|Any CPU
		{CBB912A3-AA36-4DFA-BA58-21449E9F96B8}.Release|x86.ActiveCfg = Release|Any CPU
		{CBB912A3-AA36-4DFA-BA58-21449E9F96B8}.Release|x86.Build.0 = Release|Any CPU
		{B97A81BA-723C-4C14-B815-0D5A4C5C16A1}.Debug|Any CPU.ActiveCfg = Debug|Any CPU
		{B97A81BA-723C-4C14-B815-0D5A4C5C16A1}.Debug|Any CPU.Build.0 = Debug|Any CPU
		{B97A81BA-723C-4C14-B815-0D5A4C5C16A1}.Debug|x64.ActiveCfg = Debug|Any CPU
		{B97A81BA-723C-4C14-B815-0D5A4C5C16A1}.Debug|x64.Build.0 = Debug|Any CPU
		{B97A81BA-723C-4C14-B815-0D5A4C5C16A1}.Debug|x86.ActiveCfg = Debug|Any CPU
		{B97A81BA-723C-4C14-B815-0D5A4C5C16A1}.Debug|x86.Build.0 = Debug|Any CPU
		{B97A81BA-723C-4C14-B815-0D5A4C5C16A1}.Release|Any CPU.ActiveCfg = Release|Any CPU
		{B97A81BA-723C-4C14-B815-0D5A4C5C16A1}.Release|Any CPU.Build.0 = Release|Any CPU
		{B97A81BA-723C-4C14-B815-0D5A4C5C16A1}.Release|x64.ActiveCfg = Release|Any CPU
		{B97A81BA-723C-4C14-B815-0D5A4C5C16A1}.Release|x64.Build.0 = Release|Any CPU
		{B97A81BA-723C-4C14-B815-0D5A4C5C16A1}.Release|x86.ActiveCfg = Release|Any CPU
		{B97A81BA-723C-4C14-B815-0D5A4C5C16A1}.Release|x86.Build.0 = Release|Any CPU
		{61F4BF69-EF58-4F4C-8C32-E3F14A283D6A}.Debug|Any CPU.ActiveCfg = Debug|Any CPU
		{61F4BF69-EF58-4F4C-8C32-E3F14A283D6A}.Debug|Any CPU.Build.0 = Debug|Any CPU
		{61F4BF69-EF58-4F4C-8C32-E3F14A283D6A}.Debug|x64.ActiveCfg = Debug|Any CPU
		{61F4BF69-EF58-4F4C-8C32-E3F14A283D6A}.Debug|x64.Build.0 = Debug|Any CPU
		{61F4BF69-EF58-4F4C-8C32-E3F14A283D6A}.Debug|x86.ActiveCfg = Debug|Any CPU
		{61F4BF69-EF58-4F4C-8C32-E3F14A283D6A}.Debug|x86.Build.0 = Debug|Any CPU
		{61F4BF69-EF58-4F4C-8C32-E3F14A283D6A}.Release|Any CPU.ActiveCfg = Release|Any CPU
		{61F4BF69-EF58-4F4C-8C32-E3F14A283D6A}.Release|Any CPU.Build.0 = Release|Any CPU
		{61F4BF69-EF58-4F4C-8C32-E3F14A283D6A}.Release|x64.ActiveCfg = Release|Any CPU
		{61F4BF69-EF58-4F4C-8C32-E3F14A283D6A}.Release|x64.Build.0 = Release|Any CPU
		{61F4BF69-EF58-4F4C-8C32-E3F14A283D6A}.Release|x86.ActiveCfg = Release|Any CPU
		{61F4BF69-EF58-4F4C-8C32-E3F14A283D6A}.Release|x86.Build.0 = Release|Any CPU
		{465F16F6-4B92-4207-87C8-1FAB40F7CA53}.Debug|Any CPU.ActiveCfg = Debug|Any CPU
		{465F16F6-4B92-4207-87C8-1FAB40F7CA53}.Debug|Any CPU.Build.0 = Debug|Any CPU
		{465F16F6-4B92-4207-87C8-1FAB40F7CA53}.Debug|x64.ActiveCfg = Debug|Any CPU
		{465F16F6-4B92-4207-87C8-1FAB40F7CA53}.Debug|x64.Build.0 = Debug|Any CPU
		{465F16F6-4B92-4207-87C8-1FAB40F7CA53}.Debug|x86.ActiveCfg = Debug|Any CPU
		{465F16F6-4B92-4207-87C8-1FAB40F7CA53}.Debug|x86.Build.0 = Debug|Any CPU
		{465F16F6-4B92-4207-87C8-1FAB40F7CA53}.Release|Any CPU.ActiveCfg = Release|Any CPU
		{465F16F6-4B92-4207-87C8-1FAB40F7CA53}.Release|Any CPU.Build.0 = Release|Any CPU
		{465F16F6-4B92-4207-87C8-1FAB40F7CA53}.Release|x64.ActiveCfg = Release|Any CPU
		{465F16F6-4B92-4207-87C8-1FAB40F7CA53}.Release|x64.Build.0 = Release|Any CPU
		{465F16F6-4B92-4207-87C8-1FAB40F7CA53}.Release|x86.ActiveCfg = Release|Any CPU
		{465F16F6-4B92-4207-87C8-1FAB40F7CA53}.Release|x86.Build.0 = Release|Any CPU
		{7CB1A9DE-250E-4388-94DB-4DA7AE37EA51}.Debug|Any CPU.ActiveCfg = Debug|Any CPU
		{7CB1A9DE-250E-4388-94DB-4DA7AE37EA51}.Debug|Any CPU.Build.0 = Debug|Any CPU
		{7CB1A9DE-250E-4388-94DB-4DA7AE37EA51}.Debug|x64.ActiveCfg = Debug|Any CPU
		{7CB1A9DE-250E-4388-94DB-4DA7AE37EA51}.Debug|x64.Build.0 = Debug|Any CPU
		{7CB1A9DE-250E-4388-94DB-4DA7AE37EA51}.Debug|x86.ActiveCfg = Debug|Any CPU
		{7CB1A9DE-250E-4388-94DB-4DA7AE37EA51}.Debug|x86.Build.0 = Debug|Any CPU
		{7CB1A9DE-250E-4388-94DB-4DA7AE37EA51}.Release|Any CPU.ActiveCfg = Release|Any CPU
		{7CB1A9DE-250E-4388-94DB-4DA7AE37EA51}.Release|Any CPU.Build.0 = Release|Any CPU
		{7CB1A9DE-250E-4388-94DB-4DA7AE37EA51}.Release|x64.ActiveCfg = Release|Any CPU
		{7CB1A9DE-250E-4388-94DB-4DA7AE37EA51}.Release|x64.Build.0 = Release|Any CPU
		{7CB1A9DE-250E-4388-94DB-4DA7AE37EA51}.Release|x86.ActiveCfg = Release|Any CPU
		{7CB1A9DE-250E-4388-94DB-4DA7AE37EA51}.Release|x86.Build.0 = Release|Any CPU
		{661A0B95-767C-4381-B274-A7EE23DD2F07}.Debug|Any CPU.ActiveCfg = Debug|Any CPU
		{661A0B95-767C-4381-B274-A7EE23DD2F07}.Debug|Any CPU.Build.0 = Debug|Any CPU
		{661A0B95-767C-4381-B274-A7EE23DD2F07}.Debug|x64.ActiveCfg = Debug|Any CPU
		{661A0B95-767C-4381-B274-A7EE23DD2F07}.Debug|x64.Build.0 = Debug|Any CPU
		{661A0B95-767C-4381-B274-A7EE23DD2F07}.Debug|x86.ActiveCfg = Debug|Any CPU
		{661A0B95-767C-4381-B274-A7EE23DD2F07}.Debug|x86.Build.0 = Debug|Any CPU
		{661A0B95-767C-4381-B274-A7EE23DD2F07}.Release|Any CPU.ActiveCfg = Release|Any CPU
		{661A0B95-767C-4381-B274-A7EE23DD2F07}.Release|Any CPU.Build.0 = Release|Any CPU
		{661A0B95-767C-4381-B274-A7EE23DD2F07}.Release|x64.ActiveCfg = Release|Any CPU
		{661A0B95-767C-4381-B274-A7EE23DD2F07}.Release|x64.Build.0 = Release|Any CPU
		{661A0B95-767C-4381-B274-A7EE23DD2F07}.Release|x86.ActiveCfg = Release|Any CPU
		{661A0B95-767C-4381-B274-A7EE23DD2F07}.Release|x86.Build.0 = Release|Any CPU
		{260ABEAA-EA80-46E0-A127-4059E4184D92}.Debug|Any CPU.ActiveCfg = Debug|Any CPU
		{260ABEAA-EA80-46E0-A127-4059E4184D92}.Debug|Any CPU.Build.0 = Debug|Any CPU
		{260ABEAA-EA80-46E0-A127-4059E4184D92}.Debug|x64.ActiveCfg = Debug|Any CPU
		{260ABEAA-EA80-46E0-A127-4059E4184D92}.Debug|x64.Build.0 = Debug|Any CPU
		{260ABEAA-EA80-46E0-A127-4059E4184D92}.Debug|x86.ActiveCfg = Debug|Any CPU
		{260ABEAA-EA80-46E0-A127-4059E4184D92}.Debug|x86.Build.0 = Debug|Any CPU
		{260ABEAA-EA80-46E0-A127-4059E4184D92}.Release|Any CPU.ActiveCfg = Release|Any CPU
		{260ABEAA-EA80-46E0-A127-4059E4184D92}.Release|Any CPU.Build.0 = Release|Any CPU
		{260ABEAA-EA80-46E0-A127-4059E4184D92}.Release|x64.ActiveCfg = Release|Any CPU
		{260ABEAA-EA80-46E0-A127-4059E4184D92}.Release|x64.Build.0 = Release|Any CPU
		{260ABEAA-EA80-46E0-A127-4059E4184D92}.Release|x86.ActiveCfg = Release|Any CPU
		{260ABEAA-EA80-46E0-A127-4059E4184D92}.Release|x86.Build.0 = Release|Any CPU
		{9FD1737E-651D-4375-AB55-B1ABFE8F25CF}.Debug|Any CPU.ActiveCfg = Debug|Any CPU
		{9FD1737E-651D-4375-AB55-B1ABFE8F25CF}.Debug|Any CPU.Build.0 = Debug|Any CPU
		{9FD1737E-651D-4375-AB55-B1ABFE8F25CF}.Debug|x64.ActiveCfg = Debug|Any CPU
		{9FD1737E-651D-4375-AB55-B1ABFE8F25CF}.Debug|x64.Build.0 = Debug|Any CPU
		{9FD1737E-651D-4375-AB55-B1ABFE8F25CF}.Debug|x86.ActiveCfg = Debug|Any CPU
		{9FD1737E-651D-4375-AB55-B1ABFE8F25CF}.Debug|x86.Build.0 = Debug|Any CPU
		{9FD1737E-651D-4375-AB55-B1ABFE8F25CF}.Release|Any CPU.ActiveCfg = Release|Any CPU
		{9FD1737E-651D-4375-AB55-B1ABFE8F25CF}.Release|Any CPU.Build.0 = Release|Any CPU
		{9FD1737E-651D-4375-AB55-B1ABFE8F25CF}.Release|x64.ActiveCfg = Release|Any CPU
		{9FD1737E-651D-4375-AB55-B1ABFE8F25CF}.Release|x64.Build.0 = Release|Any CPU
		{9FD1737E-651D-4375-AB55-B1ABFE8F25CF}.Release|x86.ActiveCfg = Release|Any CPU
		{9FD1737E-651D-4375-AB55-B1ABFE8F25CF}.Release|x86.Build.0 = Release|Any CPU
		{3CB208F4-A196-4366-AD10-5CC85006977D}.Debug|Any CPU.ActiveCfg = Debug|Any CPU
		{3CB208F4-A196-4366-AD10-5CC85006977D}.Debug|Any CPU.Build.0 = Debug|Any CPU
		{3CB208F4-A196-4366-AD10-5CC85006977D}.Debug|x64.ActiveCfg = Debug|Any CPU
		{3CB208F4-A196-4366-AD10-5CC85006977D}.Debug|x64.Build.0 = Debug|Any CPU
		{3CB208F4-A196-4366-AD10-5CC85006977D}.Debug|x86.ActiveCfg = Debug|Any CPU
		{3CB208F4-A196-4366-AD10-5CC85006977D}.Debug|x86.Build.0 = Debug|Any CPU
		{3CB208F4-A196-4366-AD10-5CC85006977D}.Release|Any CPU.ActiveCfg = Release|Any CPU
		{3CB208F4-A196-4366-AD10-5CC85006977D}.Release|Any CPU.Build.0 = Release|Any CPU
		{3CB208F4-A196-4366-AD10-5CC85006977D}.Release|x64.ActiveCfg = Release|Any CPU
		{3CB208F4-A196-4366-AD10-5CC85006977D}.Release|x64.Build.0 = Release|Any CPU
		{3CB208F4-A196-4366-AD10-5CC85006977D}.Release|x86.ActiveCfg = Release|Any CPU
		{3CB208F4-A196-4366-AD10-5CC85006977D}.Release|x86.Build.0 = Release|Any CPU
		{59FFB9AE-89F6-4CD7-9D68-F6441523B105}.Debug|Any CPU.ActiveCfg = Debug|Any CPU
		{59FFB9AE-89F6-4CD7-9D68-F6441523B105}.Debug|Any CPU.Build.0 = Debug|Any CPU
		{59FFB9AE-89F6-4CD7-9D68-F6441523B105}.Debug|x64.ActiveCfg = Debug|Any CPU
		{59FFB9AE-89F6-4CD7-9D68-F6441523B105}.Debug|x64.Build.0 = Debug|Any CPU
		{59FFB9AE-89F6-4CD7-9D68-F6441523B105}.Debug|x86.ActiveCfg = Debug|Any CPU
		{59FFB9AE-89F6-4CD7-9D68-F6441523B105}.Debug|x86.Build.0 = Debug|Any CPU
		{59FFB9AE-89F6-4CD7-9D68-F6441523B105}.Release|Any CPU.ActiveCfg = Release|Any CPU
		{59FFB9AE-89F6-4CD7-9D68-F6441523B105}.Release|Any CPU.Build.0 = Release|Any CPU
		{59FFB9AE-89F6-4CD7-9D68-F6441523B105}.Release|x64.ActiveCfg = Release|Any CPU
		{59FFB9AE-89F6-4CD7-9D68-F6441523B105}.Release|x64.Build.0 = Release|Any CPU
		{59FFB9AE-89F6-4CD7-9D68-F6441523B105}.Release|x86.ActiveCfg = Release|Any CPU
		{59FFB9AE-89F6-4CD7-9D68-F6441523B105}.Release|x86.Build.0 = Release|Any CPU
		{D9B13F45-8E59-4BC1-A1EE-DF0632309ED9}.Debug|Any CPU.ActiveCfg = Debug|Any CPU
		{D9B13F45-8E59-4BC1-A1EE-DF0632309ED9}.Debug|Any CPU.Build.0 = Debug|Any CPU
		{D9B13F45-8E59-4BC1-A1EE-DF0632309ED9}.Debug|x64.ActiveCfg = Debug|Any CPU
		{D9B13F45-8E59-4BC1-A1EE-DF0632309ED9}.Debug|x64.Build.0 = Debug|Any CPU
		{D9B13F45-8E59-4BC1-A1EE-DF0632309ED9}.Debug|x86.ActiveCfg = Debug|Any CPU
		{D9B13F45-8E59-4BC1-A1EE-DF0632309ED9}.Debug|x86.Build.0 = Debug|Any CPU
		{D9B13F45-8E59-4BC1-A1EE-DF0632309ED9}.Release|Any CPU.ActiveCfg = Release|Any CPU
		{D9B13F45-8E59-4BC1-A1EE-DF0632309ED9}.Release|Any CPU.Build.0 = Release|Any CPU
		{D9B13F45-8E59-4BC1-A1EE-DF0632309ED9}.Release|x64.ActiveCfg = Release|Any CPU
		{D9B13F45-8E59-4BC1-A1EE-DF0632309ED9}.Release|x64.Build.0 = Release|Any CPU
		{D9B13F45-8E59-4BC1-A1EE-DF0632309ED9}.Release|x86.ActiveCfg = Release|Any CPU
		{D9B13F45-8E59-4BC1-A1EE-DF0632309ED9}.Release|x86.Build.0 = Release|Any CPU
	EndGlobalSection
	GlobalSection(SolutionProperties) = preSolution
		HideSolutionNode = FALSE
	EndGlobalSection
	GlobalSection(NestedProjects) = preSolution
		{1B29C32F-71C0-4BCE-A7DD-18BCD907ADE3} = {9A89A450-F17B-4CA5-A216-FFA77B0B7658}
		{81F721C7-919E-46DA-81BB-E182AC679F4F} = {9A89A450-F17B-4CA5-A216-FFA77B0B7658}
		{91A0452C-7E65-4418-8F85-01B65086D3CE} = {9A89A450-F17B-4CA5-A216-FFA77B0B7658}
		{4DA4AC71-15BE-432D-A18E-DE71E9D39C5C} = {9A89A450-F17B-4CA5-A216-FFA77B0B7658}
		{F29DEBB0-FE08-4F89-AB11-3CC326FFB651} = {9A89A450-F17B-4CA5-A216-FFA77B0B7658}
		{B6807108-9D07-4764-910C-64F35D2C8DBD} = {9A89A450-F17B-4CA5-A216-FFA77B0B7658}
		{880FDD59-13AE-4FDA-AFEA-1BCED83B530E} = {9A89A450-F17B-4CA5-A216-FFA77B0B7658}
		{E2389C58-59FA-43FD-AD00-DB4C1D07E26D} = {9A89A450-F17B-4CA5-A216-FFA77B0B7658}
		{26D775AA-8724-4705-B6D3-23F880AB5233} = {9A89A450-F17B-4CA5-A216-FFA77B0B7658}
		{1DED6781-DE5B-402A-B6A7-E9B33C208D20} = {9A89A450-F17B-4CA5-A216-FFA77B0B7658}
		{B3C4C480-4E24-4964-8549-15E01FE66306} = {9A89A450-F17B-4CA5-A216-FFA77B0B7658}
		{AEF61AA6-E592-4608-9FC5-28FB1CC25CA0} = {9A89A450-F17B-4CA5-A216-FFA77B0B7658}
		{19A904CC-2C62-4C2A-AEE1-D54C1648C61F} = {9A89A450-F17B-4CA5-A216-FFA77B0B7658}
		{FC383ABB-FD8E-4076-8235-D00F1C986BBA} = {9A89A450-F17B-4CA5-A216-FFA77B0B7658}
		{7773F146-072B-46C4-A303-3983DDCC7CF0} = {9A89A450-F17B-4CA5-A216-FFA77B0B7658}
		{A1B24F48-3033-47B5-AE22-8DD2853EDA5F} = {9A89A450-F17B-4CA5-A216-FFA77B0B7658}
		{5CE90106-4D73-40AC-98B0-09658E824CEB} = {9A89A450-F17B-4CA5-A216-FFA77B0B7658}
		{0DF6B666-4656-423F-9535-EEFB56DDD3AE} = {9A89A450-F17B-4CA5-A216-FFA77B0B7658}
		{88CBEBCB-ABC1-410E-BF31-8B207FF042FA} = {9A89A450-F17B-4CA5-A216-FFA77B0B7658}
		{C1B272EF-8D9A-4BF3-9ABD-C53915D20CDD} = {9A89A450-F17B-4CA5-A216-FFA77B0B7658}
		{C44641ED-E1BA-4089-B1EF-515AFC1E1C19} = {9A89A450-F17B-4CA5-A216-FFA77B0B7658}
		{C5DB1F6E-02DE-40B0-B485-6073F5F11612} = {9A89A450-F17B-4CA5-A216-FFA77B0B7658}
		{C12534BB-17BA-4F04-B598-7C54F34AB36F} = {9A89A450-F17B-4CA5-A216-FFA77B0B7658}
		{C12C49E0-32C2-4381-890D-8DC5737BDBED} = {9A89A450-F17B-4CA5-A216-FFA77B0B7658}
		{7BF28325-594C-4BDF-9A50-7F8B2EC657CC} = {9A89A450-F17B-4CA5-A216-FFA77B0B7658}
		{CBB912A3-AA36-4DFA-BA58-21449E9F96B8} = {9A89A450-F17B-4CA5-A216-FFA77B0B7658}
		{B97A81BA-723C-4C14-B815-0D5A4C5C16A1} = {9A89A450-F17B-4CA5-A216-FFA77B0B7658}
		{61F4BF69-EF58-4F4C-8C32-E3F14A283D6A} = {9A89A450-F17B-4CA5-A216-FFA77B0B7658}
		{465F16F6-4B92-4207-87C8-1FAB40F7CA53} = {9A89A450-F17B-4CA5-A216-FFA77B0B7658}
		{7CB1A9DE-250E-4388-94DB-4DA7AE37EA51} = {9A89A450-F17B-4CA5-A216-FFA77B0B7658}
		{661A0B95-767C-4381-B274-A7EE23DD2F07} = {9A89A450-F17B-4CA5-A216-FFA77B0B7658}
		{260ABEAA-EA80-46E0-A127-4059E4184D92} = {9A89A450-F17B-4CA5-A216-FFA77B0B7658}
		{9FD1737E-651D-4375-AB55-B1ABFE8F25CF} = {9A89A450-F17B-4CA5-A216-FFA77B0B7658}
		{3CB208F4-A196-4366-AD10-5CC85006977D} = {9A89A450-F17B-4CA5-A216-FFA77B0B7658}
		{59FFB9AE-89F6-4CD7-9D68-F6441523B105} = {9A89A450-F17B-4CA5-A216-FFA77B0B7658}
		{D9B13F45-8E59-4BC1-A1EE-DF0632309ED9} = {9A89A450-F17B-4CA5-A216-FFA77B0B7658}
	EndGlobalSection
	GlobalSection(ExtensibilityGlobals) = postSolution
		SolutionGuid = {94703F0C-8E8D-4BC3-93D7-DEDFACE79E86}
	EndGlobalSection
EndGlobal
