
Microsoft Visual Studio Solution File, Format Version 12.00
# Visual Studio 15
VisualStudioVersion = 15.0.26124.0
MinimumVisualStudioVersion = 15.0.26124.0
Project("{FAE04EC0-301F-11D3-BF4B-00C04F79EFBC}") = "R5T.Teutonia.Default.Construction", "R5T.Teutonia.Default.Construction\R5T.Teutonia.Default.Construction.csproj", "{AD9D88FB-6A2A-4163-9462-8D90CE243CFF}"
EndProject
Project("{FAE04EC0-301F-11D3-BF4B-00C04F79EFBC}") = "R5T.Teutonia.Default", "R5T.Teutonia.Default\R5T.Teutonia.Default.csproj", "{AB5331FF-1228-4B80-8D4E-FECC5D7D80E1}"
EndProject
Project("{FAE04EC0-301F-11D3-BF4B-00C04F79EFBC}") = "R5T.Teutonia.Default.Testing", "R5T.Teutonia.Default.Testing\R5T.Teutonia.Default.Testing.csproj", "{E21DEE4B-FDBC-4BA7-987F-F363EA0453FB}"
EndProject
Global
	GlobalSection(SolutionConfigurationPlatforms) = preSolution
		Debug|Any CPU = Debug|Any CPU
		Debug|x64 = Debug|x64
		Debug|x86 = Debug|x86
		Release|Any CPU = Release|Any CPU
		Release|x64 = Release|x64
		Release|x86 = Release|x86
	EndGlobalSection
	GlobalSection(SolutionProperties) = preSolution
		HideSolutionNode = FALSE
	EndGlobalSection
	GlobalSection(ProjectConfigurationPlatforms) = postSolution
		{AD9D88FB-6A2A-4163-9462-8D90CE243CFF}.Debug|Any CPU.ActiveCfg = Debug|Any CPU
		{AD9D88FB-6A2A-4163-9462-8D90CE243CFF}.Debug|Any CPU.Build.0 = Debug|Any CPU
		{AD9D88FB-6A2A-4163-9462-8D90CE243CFF}.Debug|x64.ActiveCfg = Debug|Any CPU
		{AD9D88FB-6A2A-4163-9462-8D90CE243CFF}.Debug|x64.Build.0 = Debug|Any CPU
		{AD9D88FB-6A2A-4163-9462-8D90CE243CFF}.Debug|x86.ActiveCfg = Debug|Any CPU
		{AD9D88FB-6A2A-4163-9462-8D90CE243CFF}.Debug|x86.Build.0 = Debug|Any CPU
		{AD9D88FB-6A2A-4163-9462-8D90CE243CFF}.Release|Any CPU.ActiveCfg = Release|Any CPU
		{AD9D88FB-6A2A-4163-9462-8D90CE243CFF}.Release|Any CPU.Build.0 = Release|Any CPU
		{AD9D88FB-6A2A-4163-9462-8D90CE243CFF}.Release|x64.ActiveCfg = Release|Any CPU
		{AD9D88FB-6A2A-4163-9462-8D90CE243CFF}.Release|x64.Build.0 = Release|Any CPU
		{AD9D88FB-6A2A-4163-9462-8D90CE243CFF}.Release|x86.ActiveCfg = Release|Any CPU
		{AD9D88FB-6A2A-4163-9462-8D90CE243CFF}.Release|x86.Build.0 = Release|Any CPU
		{AB5331FF-1228-4B80-8D4E-FECC5D7D80E1}.Debug|Any CPU.ActiveCfg = Debug|Any CPU
		{AB5331FF-1228-4B80-8D4E-FECC5D7D80E1}.Debug|Any CPU.Build.0 = Debug|Any CPU
		{AB5331FF-1228-4B80-8D4E-FECC5D7D80E1}.Debug|x64.ActiveCfg = Debug|Any CPU
		{AB5331FF-1228-4B80-8D4E-FECC5D7D80E1}.Debug|x64.Build.0 = Debug|Any CPU
		{AB5331FF-1228-4B80-8D4E-FECC5D7D80E1}.Debug|x86.ActiveCfg = Debug|Any CPU
		{AB5331FF-1228-4B80-8D4E-FECC5D7D80E1}.Debug|x86.Build.0 = Debug|Any CPU
		{AB5331FF-1228-4B80-8D4E-FECC5D7D80E1}.Release|Any CPU.ActiveCfg = Release|Any CPU
		{AB5331FF-1228-4B80-8D4E-FECC5D7D80E1}.Release|Any CPU.Build.0 = Release|Any CPU
		{AB5331FF-1228-4B80-8D4E-FECC5D7D80E1}.Release|x64.ActiveCfg = Release|Any CPU
		{AB5331FF-1228-4B80-8D4E-FECC5D7D80E1}.Release|x64.Build.0 = Release|Any CPU
		{AB5331FF-1228-4B80-8D4E-FECC5D7D80E1}.Release|x86.ActiveCfg = Release|Any CPU
		{AB5331FF-1228-4B80-8D4E-FECC5D7D80E1}.Release|x86.Build.0 = Release|Any CPU
		{E21DEE4B-FDBC-4BA7-987F-F363EA0453FB}.Debug|Any CPU.ActiveCfg = Debug|Any CPU
		{E21DEE4B-FDBC-4BA7-987F-F363EA0453FB}.Debug|Any CPU.Build.0 = Debug|Any CPU
		{E21DEE4B-FDBC-4BA7-987F-F363EA0453FB}.Debug|x64.ActiveCfg = Debug|Any CPU
		{E21DEE4B-FDBC-4BA7-987F-F363EA0453FB}.Debug|x64.Build.0 = Debug|Any CPU
		{E21DEE4B-FDBC-4BA7-987F-F363EA0453FB}.Debug|x86.ActiveCfg = Debug|Any CPU
		{E21DEE4B-FDBC-4BA7-987F-F363EA0453FB}.Debug|x86.Build.0 = Debug|Any CPU
		{E21DEE4B-FDBC-4BA7-987F-F363EA0453FB}.Release|Any CPU.ActiveCfg = Release|Any CPU
		{E21DEE4B-FDBC-4BA7-987F-F363EA0453FB}.Release|Any CPU.Build.0 = Release|Any CPU
		{E21DEE4B-FDBC-4BA7-987F-F363EA0453FB}.Release|x64.ActiveCfg = Release|Any CPU
		{E21DEE4B-FDBC-4BA7-987F-F363EA0453FB}.Release|x64.Build.0 = Release|Any CPU
		{E21DEE4B-FDBC-4BA7-987F-F363EA0453FB}.Release|x86.ActiveCfg = Release|Any CPU
		{E21DEE4B-FDBC-4BA7-987F-F363EA0453FB}.Release|x86.Build.0 = Release|Any CPU
	EndGlobalSection
EndGlobal
